
Microsoft Visual Studio Solution File, Format Version 12.00
# Visual Studio Version 16
VisualStudioVersion = 16.0.31729.503
MinimumVisualStudioVersion = 10.0.40219.1
Project("{FAE04EC0-301F-11D3-BF4B-00C04F79EFBC}") = "ScientificCalculator_OOP", "ScientificCalculator_OOP\ScientificCalculator_OOP.csproj", "{E17C25A4-13C5-48FE-8598-6B85004F0CA9}"
EndProject
Global
	GlobalSection(SolutionConfigurationPlatforms) = preSolution
		Debug|Any CPU = Debug|Any CPU
		Release|Any CPU = Release|Any CPU
	EndGlobalSection
	GlobalSection(ProjectConfigurationPlatforms) = postSolution
		{E17C25A4-13C5-48FE-8598-6B85004F0CA9}.Debug|Any CPU.ActiveCfg = Debug|Any CPU
		{E17C25A4-13C5-48FE-8598-6B85004F0CA9}.Debug|Any CPU.Build.0 = Debug|Any CPU
		{E17C25A4-13C5-48FE-8598-6B85004F0CA9}.Release|Any CPU.ActiveCfg = Release|Any CPU
		{E17C25A4-13C5-48FE-8598-6B85004F0CA9}.Release|Any CPU.Build.0 = Release|Any CPU
	EndGlobalSection
	GlobalSection(SolutionProperties) = preSolution
		HideSolutionNode = FALSE
	EndGlobalSection
	GlobalSection(ExtensibilityGlobals) = postSolution
		SolutionGuid = {B7FD62B1-B710-463B-8C39-159E1A6AB55F}
	EndGlobalSection
EndGlobal
